
Microsoft Visual Studio Solution File, Format Version 12.00
# Visual Studio Version 16
VisualStudioVersion = 16.0.31624.102
MinimumVisualStudioVersion = 10.0.40219.1
Project("{FAE04EC0-301F-11D3-BF4B-00C04F79EFBC}") = "CartApi", "CartApi\CartApi.csproj", "{136333C3-2413-4E19-BD1B-43252363819C}"
EndProject
Global
	GlobalSection(SolutionConfigurationPlatforms) = preSolution
		Debug|Any CPU = Debug|Any CPU
		Release|Any CPU = Release|Any CPU
	EndGlobalSection
	GlobalSection(ProjectConfigurationPlatforms) = postSolution
		{136333C3-2413-4E19-BD1B-43252363819C}.Debug|Any CPU.ActiveCfg = Debug|Any CPU
		{136333C3-2413-4E19-BD1B-43252363819C}.Debug|Any CPU.Build.0 = Debug|Any CPU
		{136333C3-2413-4E19-BD1B-43252363819C}.Release|Any CPU.ActiveCfg = Release|Any CPU
		{136333C3-2413-4E19-BD1B-43252363819C}.Release|Any CPU.Build.0 = Release|Any CPU
	EndGlobalSection
	GlobalSection(SolutionProperties) = preSolution
		HideSolutionNode = FALSE
	EndGlobalSection
	GlobalSection(ExtensibilityGlobals) = postSolution
		SolutionGuid = {CD2D7658-F57B-4DD6-A017-2542014057F7}
	EndGlobalSection
EndGlobal
